
Microsoft Visual Studio Solution File, Format Version 12.00
# Visual Studio Version 17
VisualStudioVersion = 17.6.33829.357
MinimumVisualStudioVersion = 10.0.40219.1
Project("{FAE04EC0-301F-11D3-BF4B-00C04F79EFBC}") = "WebhookServer", "WebhookServer.csproj", "{8CA177A7-D7C3-4CAA-8726-158A58F50FEC}"
EndProject
Global
	GlobalSection(SolutionConfigurationPlatforms) = preSolution
		Debug|Any CPU = Debug|Any CPU
		Release|Any CPU = Release|Any CPU
	EndGlobalSection
	GlobalSection(ProjectConfigurationPlatforms) = postSolution
		{8CA177A7-D7C3-4CAA-8726-158A58F50FEC}.Debug|Any CPU.ActiveCfg = Debug|Any CPU
		{8CA177A7-D7C3-4CAA-8726-158A58F50FEC}.Debug|Any CPU.Build.0 = Debug|Any CPU
		{8CA177A7-D7C3-4CAA-8726-158A58F50FEC}.Release|Any CPU.ActiveCfg = Release|Any CPU
		{8CA177A7-D7C3-4CAA-8726-158A58F50FEC}.Release|Any CPU.Build.0 = Release|Any CPU
	EndGlobalSection
	GlobalSection(SolutionProperties) = preSolution
		HideSolutionNode = FALSE
	EndGlobalSection
	GlobalSection(ExtensibilityGlobals) = postSolution
		SolutionGuid = {1A18DCB1-537C-4124-A36E-08E063E11441}
	EndGlobalSection
EndGlobal
